
Microsoft Visual Studio Solution File, Format Version 12.00
# Visual Studio Version 16
VisualStudioVersion = 16.0.28803.452
MinimumVisualStudioVersion = 10.0.40219.1
Project("{888888A0-9F3D-457C-B088-3A5042F75D52}") = "socsim", "socsim\socsim.pyproj", "{B4EDF9DD-A632-4E70-A954-B2200C87E72F}"
EndProject
Global
	GlobalSection(SolutionConfigurationPlatforms) = preSolution
		Debug|Any CPU = Debug|Any CPU
		Release|Any CPU = Release|Any CPU
	EndGlobalSection
	GlobalSection(ProjectConfigurationPlatforms) = postSolution
		{B4EDF9DD-A632-4E70-A954-B2200C87E72F}.Debug|Any CPU.ActiveCfg = Debug|Any CPU
		{B4EDF9DD-A632-4E70-A954-B2200C87E72F}.Release|Any CPU.ActiveCfg = Release|Any CPU
	EndGlobalSection
	GlobalSection(SolutionProperties) = preSolution
		HideSolutionNode = FALSE
	EndGlobalSection
	GlobalSection(ExtensibilityGlobals) = postSolution
		SolutionGuid = {6F2E5880-9B83-428A-A346-1B3361D5F682}
	EndGlobalSection
EndGlobal
